{
    "_meta": {
        "hash": {
            "sha256": "d6390fd3160f7bd2f4384f993173015ad44615cccc73c678c5661a4a85052816"
        },
        "pipfile-spec": 6,
        "requires": {
            "python_version": "2.7"
        },
        "sources": [
            {
                "name": "pypi",
                "url": "https://pypi.org/simple",
                "verify_ssl": true
            }
        ]
    },
    "default": {
        "beautifulsoup": {
            "hashes": [
                "sha256:6a8cb4401111e011b579c8c52a51cdab970041cc543814bbd9577a4529fe1cdb"
            ],
            "index": "pypi",
            "version": "==3.2.1"
        },
        "django": {
            "hashes": [
                "sha256:36940268c087fede32d3f5887cce9af9e5d27962a0c405aacafc2a3cc1f755c5",
                "sha256:4eda29d8eb0c8b4a836660b5eff78a0d3e0dc6c191e998a14194f2ff51130da3"
            ],
            "index": "pypi",
            "version": "==1.6.5"
        },
        "django-environ": {
            "hashes": [
                "sha256:6c9d87660142608f63ec7d5ce5564c49b603ea8ff25da595fd6098f6dc82afde",
                "sha256:c57b3c11ec1f319d9474e3e5a79134f40174b17c7cc024bbb2fad84646b120c4"
            ],
            "index": "pypi",
            "version": "==0.4.5"
        },
        "html5lib": {
            "hashes": [
                "sha256:c3887f7e2875d7666107fa8bee761ff95b9391acdcc7cd1b5fd57a23b5fbc49e"
            ],
            "index": "pypi",
            "version": "==0.999"
        },
        "httplib2": {
            "hashes": [
                "sha256:cee59fdaa97a40ac505bb0629bdc8ba9ba79012d099ef11d6d3a284b7e369c9c",
                "sha256:d4271d56fa8f0c39d84711602217574f050c0281efbfaf1cfa8821f0d7f2a714"
            ],
            "index": "pypi",
            "version": "==0.8"
        },
        "isodate": {
            "hashes": [
                "sha256:f3e436a9c321882942a6c62e9d8ea49787b4c0ea7f7bb3cbd047bcf76bd0dfbe"
            ],
            "index": "pypi",
            "version": "==0.5.0"
        },
        "markdown": {
            "hashes": [
                "sha256:812ec5249f45edc31330b7fb06e52aaf6ab2d83aa27047df7cb6837ef2d269b6",
                "sha256:866f5474c2361de7ccf806b438c0462380b4b90aacb9fdf59dfc4b166fb66389"
            ],
            "index": "pypi",
            "version": "==2.4.1"
        },
        "pyparsing": {
            "hashes": [
                "sha256:0007cd3f008eba4a203f1f6b4b133ddc352552c8808b694c88c23db56416e4e4",
                "sha256:090d83f491259b16cfabfbd575a7c591f61982707090bfc1512d8b519cda4f44",
                "sha256:0df0417ded92a2ae72cdf762bf84d116f8accb7b13b9bd185966492a00a7ee2b",
                "sha256:18d8e2b0506395c05d5410cab29c5c67279dae168bfff7a2177ac5c694857b0a",
                "sha256:7e1766ee747cca79fe172b670fd53ef58fc55d2b1804fd6c66d857abb62d143a",
                "sha256:9b8ca2f046acd1977552cb140c2cd16dd0fd69d088b38002a45dcd50022bb8fe",
                "sha256:ce87c81d6672b239ba0e64bcd2597c8f5a2ec89ed43bd82b859b22f0dea94e8f",
                "sha256:cf02c4af694a402761a6462958e2d78637515dd3f69d04e0a36150b217e904ac"
            ],
            "index": "pypi",
            "version": "==2.0.1"
        },
        "rdflib": {
            "hashes": [
                "sha256:3b5e6c09cae3a2c2fb77ff636837c6d1551651984f2d29e299ed88370e9c4b98"
            ],
            "index": "pypi",
            "version": "==4.1.1"
        },
        "six": {
            "hashes": [
                "sha256:8f34f5b89e17fa8a6e3945310318cbd5c8cbb16fa288f78ea96dbc70344cb1bf",
                "sha256:d4392a7c8d91b005c002568a85faf617c67241c8cd8399cc395e8f1005aff80d"
            ],
            "index": "pypi",
            "version": "==1.6.1"
        },
        "sparqlwrapper": {
            "hashes": [
                "sha256:22885937c0ade7f77fb59340b385d69d86516c76fe078153b552b4fa7a845e12",
                "sha256:65254c7c3cae093fbd5e6b65e2c725db3ad80ab7402c4aa59d18a9cb8f5695b4",
                "sha256:9203549f0a9b6434dc81b1c95cb4e81775669339748845593b20be72c16eae1b",
                "sha256:b979d2b9222e1b9626a21702d38db4429f52a97093f94f8eb3cc4e3e3d50df2e"
            ],
            "index": "pypi",
            "version": "==1.5.2"
        },
        "spreadlinks": {
            "hashes": [
                "sha256:3e6ab01e0cda58084c1447bda23f1dbb350dd66fc587bd880386306f66f20168",
                "sha256:95c7544a35a1ec41828095fad3edd5b4c764f102dd5fa448fc182df41fbd2809"
            ],
            "index": "pypi",
            "version": "==0.2.3"
        },
        "wsgiref": {
            "hashes": [
                "sha256:5e41d89a25465ec65f0f8caf09a2225cf71cfa78b208418177fc2a9420eb51f2",
                "sha256:a8fb9fc452e52b175bb2e0f03f6a640d5efbec2ee23d23464590b1b86d324d4b",
                "sha256:c7e610c800957046c04c8014aab8cce8f0b9f0495c8cd349e57c1f7cabf40e79"
            ],
            "index": "pypi",
            "version": "==0.1.2"
        }
    },
    "develop": {}
}
